# This file is generated by craft.
version = 1
manifest = "Craft.toml"
manifest-digest = "fnv1a64:3fb40268a3a13488"

[[package]]
id = "raylib 0.1.0 root"
name = "raylib"
version = "0.1.0"
source = "root"
manifest = "Craft.toml"
manifest-digest = "fnv1a64:3fb40268a3a13488"

[[package-target]]
package = "raylib 0.1.0 root"
kind = "lib"
root = "src/lib.rn"

[[package-target]]
package = "raylib 0.1.0 root"
kind = "test"
name = "smoke"
root = "tests/smoke.rn"

[[package-target]]
package = "raylib 0.1.0 root"
kind = "test"
name = "api_compile"
root = "tests/api_compile.rn"

[[package-target]]
package = "raylib 0.1.0 root"
kind = "example"
name = "basic_window"
root = "examples/basic_window.rn"

[[package-resource]]
package = "raylib 0.1.0 root"
name = "raylib"
source = "git"
source-value = "https://github.com/raysan5/raylib.git"
source-locator = "https://github.com/raysan5/raylib.git"
source-selector = "tag:6.0"

[[publish-proof]]
package-id = "raylib 0.1.0 root"
package = "raylib"
version = "0.1.0"
kern = "0.7.5"
repository = "https://github.com/softfault/raylib-kern.git"
manifest-sha256 = "sha256:43bdc7ebad402336abc5038116884e46f478c83f673112a8fa34660b1fa65704"
source-sha256 = "sha256:f084a0dd67a65570a22640e61611e0b17bcac453ebaa6d651ad91c3a8be12292"
