# This file is generated by craft.
version = 1
manifest = "Craft.toml"
manifest-digest = "fnv1a64:8cbfeb6cd1031c5f"

[[package]]
id = "raylib 0.1.0 root"
name = "raylib"
version = "0.1.0"
source = "root"
manifest = "Craft.toml"
manifest-digest = "fnv1a64:8cbfeb6cd1031c5f"

[[package-target]]
package = "raylib 0.1.0 root"
kind = "lib"
root = "src/lib.rn"

[[package-target]]
package = "raylib 0.1.0 root"
kind = "test"
name = "smoke"
root = "tests/smoke.rn"

[[package-target]]
package = "raylib 0.1.0 root"
kind = "example"
name = "basic_window"
root = "examples/basic_window.rn"

[[package-resource]]
package = "raylib 0.1.0 root"
name = "raylib"
source = "git"
source-value = "https://github.com/raysan5/raylib.git"
source-locator = "https://github.com/raysan5/raylib.git"
source-selector = "tag:6.0"
