# This file is generated by craft.
version = 1
manifest = "Craft.toml"
manifest-digest = "fnv1a64:52dd28c66b22c017"

[[package]]
id = "raylib 0.1.0 root"
name = "raylib"
version = "0.1.0"
source = "root"
manifest = "Craft.toml"
manifest-digest = "fnv1a64:52dd28c66b22c017"

[[package-target]]
package = "raylib 0.1.0 root"
kind = "lib"
root = "src/lib.rn"

[[package-target]]
package = "raylib 0.1.0 root"
kind = "test"
name = "smoke"
root = "tests/smoke.rn"

[[package-target]]
package = "raylib 0.1.0 root"
kind = "example"
name = "basic_window"
root = "examples/basic_window.rn"
