# This file is generated by craft.
version = 1
manifest = "Craft.toml"
manifest-digest = "fnv1a64:e78d0f4ed3a00099"

[[package]]
id = "raylib-bindgen 0.1.0 root"
name = "raylib-bindgen"
version = "0.1.0"
source = "root"
manifest = "Craft.toml"
manifest-digest = "fnv1a64:e78d0f4ed3a00099"

[[package-target]]
package = "raylib-bindgen 0.1.0 root"
kind = "bin"
name = "raylib-bindgen"
root = "src/main.rn"
